// !$*UTF8*$!
{
	archiveVersion = 1;
	classes = {
	};
	objectVersion = 50;
	objects = {

/* Begin PBXBuildFile section */
		AE3A54E9251BC0DB0054796D /* AppDelegate.swift in Sources */ = {isa = PBXBuildFile; fileRef = AE3A54E8251BC0DB0054796D /* AppDelegate.swift */; };
		AE3A54EB251BC0DB0054796D /* SceneDelegate.swift in Sources */ = {isa = PBXBuildFile; fileRef = AE3A54EA251BC0DB0054796D /* SceneDelegate.swift */; };
		AE3A54F0251BC0DB0054796D /* Main.storyboard in Resources */ = {isa = PBXBuildFile; fileRef = AE3A54EE251BC0DB0054796D /* Main.storyboard */; };
		AE3A54F2251BC0E10054796D /* Assets.xcassets in Resources */ = {isa = PBXBuildFile; fileRef = AE3A54F1251BC0E10054796D /* Assets.xcassets */; };
		AE3A54F5251BC0E10054796D /* LaunchScreen.storyboard in Resources */ = {isa = PBXBuildFile; fileRef = AE3A54F3251BC0E10054796D /* LaunchScreen.storyboard */; };
		AE3A5500251BC0E20054796D /* FlixTests.swift in Sources */ = {isa = PBXBuildFile; fileRef = AE3A54FF251BC0E20054796D /* FlixTests.swift */; };
		AE3A550B251BC0E20054796D /* FlixUITests.swift in Sources */ = {isa = PBXBuildFile; fileRef = AE3A550A251BC0E20054796D /* FlixUITests.swift */; };
		AE3A551F251BDBD40054796D /* MoviesViewController.swift in Sources */ = {isa = PBXBuildFile; fileRef = AE3A551E251BDBD40054796D /* MoviesViewController.swift */; };
/* End PBXBuildFile section */

/* Begin PBXContainerItemProxy section */
		AE3A54FC251BC0E20054796D /* PBXContainerItemProxy */ = {
			isa = PBXContainerItemProxy;
			containerPortal = AE3A54DD251BC0DA0054796D /* Project object */;
			proxyType = 1;
			remoteGlobalIDString = AE3A54E4251BC0DB0054796D;
			remoteInfo = Flix;
		};
		AE3A5507251BC0E20054796D /* PBXContainerItemProxy */ = {
			isa = PBXContainerItemProxy;
			containerPortal = AE3A54DD251BC0DA0054796D /* Project object */;
			proxyType = 1;
			remoteGlobalIDString = AE3A54E4251BC0DB0054796D;
			remoteInfo = Flix;
		};
/* End PBXContainerItemProxy section */

/* Begin PBXFileReference section */
		AE3A54E5251BC0DB0054796D /* Flix.app */ = {isa = PBXFileReference; explicitFileType = wrapper.application; includeInIndex = 0; path = Flix.app; sourceTree = BUILT_PRODUCTS_DIR; };
		AE3A54E8251BC0DB0054796D /* AppDelegate.swift */ = {isa = PBXFileReference; lastKnownFileType = sourcecode.swift; path = AppDelegate.swift; sourceTree = "<group>"; };
		AE3A54EA251BC0DB0054796D /* SceneDelegate.swift */ = {isa = PBXFileReference; lastKnownFileType = sourcecode.swift; path = SceneDelegate.swift; sourceTree = "<group>"; };
		AE3A54EF251BC0DB0054796D /* Base */ = {isa = PBXFileReference; lastKnownFileType = file.storyboard; name = Base; path = Base.lproj/Main.storyboard; sourceTree = "<group>"; };
		AE3A54F1251BC0E10054796D /* Assets.xcassets */ = {isa = PBXFileReference; lastKnownFileType = folder.assetcatalog; path = Assets.xcassets; sourceTree = "<group>"; };
		AE3A54F4251BC0E10054796D /* Base */ = {isa = PBXFileReference; lastKnownFileType = file.storyboard; name = Base; path = Base.lproj/LaunchScreen.storyboard; sourceTree = "<group>"; };
		AE3A54F6251BC0E10054796D /* Info.plist */ = {isa = PBXFileReference; lastKnownFileType = text.plist.xml; path = Info.plist; sourceTree = "<group>"; };
		AE3A54FB251BC0E20054796D /* FlixTests.xctest */ = {isa = PBXFileReference; explicitFileType = wrapper.cfbundle; includeInIndex = 0; path = FlixTests.xctest; sourceTree = BUILT_PRODUCTS_DIR; };
		AE3A54FF251BC0E20054796D /* FlixTests.swift */ = {isa = PBXFileReference; lastKnownFileType = sourcecode.swift; path = FlixTests.swift; sourceTree = "<group>"; };
		AE3A5501251BC0E20054796D /* Info.plist */ = {isa = PBXFileReference; lastKnownFileType = text.plist.xml; path = Info.plist; sourceTree = "<group>"; };
		AE3A5506251BC0E20054796D /* FlixUITests.xctest */ = {isa = PBXFileReference; explicitFileType = wrapper.cfbundle; includeInIndex = 0; path = FlixUITests.xctest; sourceTree = BUILT_PRODUCTS_DIR; };
		AE3A550A251BC0E20054796D /* FlixUITests.swift */ = {isa = PBXFileReference; lastKnownFileType = sourcecode.swift; path = FlixUITests.swift; sourceTree = "<group>"; };
		AE3A550C251BC0E20054796D /* Info.plist */ = {isa = PBXFileReference; lastKnownFileType = text.plist.xml; path = Info.plist; sourceTree = "<group>"; };
		AE3A551E251BDBD40054796D /* MoviesViewController.swift */ = {isa = PBXFileReference; lastKnownFileType = sourcecode.swift; path = MoviesViewController.swift; sourceTree = "<group>"; };
/* End PBXFileReference section */

/* Begin PBXFrameworksBuildPhase section */
		AE3A54E2251BC0DB0054796D /* Frameworks */ = {
			isa = PBXFrameworksBuildPhase;
			buildActionMask = 2147483647;
			files = (
			);
			runOnlyForDeploymentPostprocessing = 0;
		};
		AE3A54F8251BC0E20054796D /* Frameworks */ = {
			isa = PBXFrameworksBuildPhase;
			buildActionMask = 2147483647;
			files = (
			);
			runOnlyForDeploymentPostprocessing = 0;
		};
		AE3A5503251BC0E20054796D /* Frameworks */ = {
			isa = PBXFrameworksBuildPhase;
			buildActionMask = 2147483647;
			files = (
			);
			runOnlyForDeploymentPostprocessing = 0;
		};
/* End PBXFrameworksBuildPhase section */

/* Begin PBXGroup section */
		AE3A54DC251BC0DA0054796D = {
			isa = PBXGroup;
			children = (
				AE3A54E7251BC0DB0054796D /* Flix */,
				AE3A54FE251BC0E20054796D /* FlixTests */,
				AE3A5509251BC0E20054796D /* FlixUITests */,
				AE3A54E6251BC0DB0054796D /* Products */,
			);
			sourceTree = "<group>";
		};
		AE3A54E6251BC0DB0054796D /* Products */ = {
			isa = PBXGroup;
			children = (
				AE3A54E5251BC0DB0054796D /* Flix.app */,
				AE3A54FB251BC0E20054796D /* FlixTests.xctest */,
				AE3A5506251BC0E20054796D /* FlixUITests.xctest */,
			);
			name = Products;
			sourceTree = "<group>";
		};
		AE3A54E7251BC0DB0054796D /* Flix */ = {
			isa = PBXGroup;
			children = (
				AE3A54E8251BC0DB0054796D /* AppDelegate.swift */,
				AE3A54EA251BC0DB0054796D /* SceneDelegate.swift */,
				AE3A54EE251BC0DB0054796D /* Main.storyboard */,
				AE3A551E251BDBD40054796D /* MoviesViewController.swift */,
				AE3A54F1251BC0E10054796D /* Assets.xcassets */,
				AE3A54F3251BC0E10054796D /* LaunchScreen.storyboard */,
				AE3A54F6251BC0E10054796D /* Info.plist */,
			);
			path = Flix;
			sourceTree = "<group>";
		};
		AE3A54FE251BC0E20054796D /* FlixTests */ = {
			isa = PBXGroup;
			children = (
				AE3A54FF251BC0E20054796D /* FlixTests.swift */,
				AE3A5501251BC0E20054796D /* Info.plist */,
			);
			path = FlixTests;
			sourceTree = "<group>";
		};
		AE3A5509251BC0E20054796D /* FlixUITests */ = {
			isa = PBXGroup;
			children = (
				AE3A550A251BC0E20054796D /* FlixUITests.swift */,
				AE3A550C251BC0E20054796D /* Info.plist */,
			);
			path = FlixUITests;
			sourceTree = "<group>";
		};
/* End PBXGroup section */

/* Begin PBXNativeTarget section */
		AE3A54E4251BC0DB0054796D /* Flix */ = {
			isa = PBXNativeTarget;
			buildConfigurationList = AE3A550F251BC0E20054796D /* Build configuration list for PBXNativeTarget "Flix" */;
			buildPhases = (
				AE3A54E1251BC0DB0054796D /* Sources */,
				AE3A54E2251BC0DB0054796D /* Frameworks */,
				AE3A54E3251BC0DB0054796D /* Resources */,
			);
			buildRules = (
			);
			dependencies = (
			);
			name = Flix;
			productName = Flix;
			productReference = AE3A54E5251BC0DB0054796D /* Flix.app */;
			productType = "com.apple.product-type.application";
		};
		AE3A54FA251BC0E20054796D /* FlixTests */ = {
			isa = PBXNativeTarget;
			buildConfigurationList = AE3A5512251BC0E20054796D /* Build configuration list for PBXNativeTarget "FlixTests" */;
			buildPhases = (
				AE3A54F7251BC0E20054796D /* Sources */,
				AE3A54F8251BC0E20054796D /* Frameworks */,
				AE3A54F9251BC0E20054796D /* Resources */,
			);
			buildRules = (
			);
			dependencies = (
				AE3A54FD251BC0E20054796D /* PBXTargetDependency */,
			);
			name = FlixTests;
			productName = FlixTests;
			productReference = AE3A54FB251BC0E20054796D /* FlixTests.xctest */;
			productType = "com.apple.product-type.bundle.unit-test";
		};
		AE3A5505251BC0E20054796D /* FlixUITests */ = {
			isa = PBXNativeTarget;
			buildConfigurationList = AE3A5515251BC0E20054796D /* Build configuration list for PBXNativeTarget "FlixUITests" */;
			buildPhases = (
				AE3A5502251BC0E20054796D /* Sources */,
				AE3A5503251BC0E20054796D /* Frameworks */,
				AE3A5504251BC0E20054796D /* Resources */,
			);
			buildRules = (
			);
			dependencies = (
				AE3A5508251BC0E20054796D /* PBXTargetDependency */,
			);
			name = FlixUITests;
			productName = FlixUITests;
			productReference = AE3A5506251BC0E20054796D /* FlixUITests.xctest */;
			productType = "com.apple.product-type.bundle.ui-testing";
		};
/* End PBXNativeTarget section */

/* Begin PBXProject section */
		AE3A54DD251BC0DA0054796D /* Project object */ = {
			isa = PBXProject;
			attributes = {
				LastSwiftUpdateCheck = 1200;
				LastUpgradeCheck = 1200;
				TargetAttributes = {
					AE3A54E4251BC0DB0054796D = {
						CreatedOnToolsVersion = 12.0;
					};
					AE3A54FA251BC0E20054796D = {
						CreatedOnToolsVersion = 12.0;
						TestTargetID = AE3A54E4251BC0DB0054796D;
					};
					AE3A5505251BC0E20054796D = {
						CreatedOnToolsVersion = 12.0;
						TestTargetID = AE3A54E4251BC0DB0054796D;
					};
				};
			};
			buildConfigurationList = AE3A54E0251BC0DA0054796D /* Build configuration list for PBXProject "Flix" */;
			compatibilityVersion = "Xcode 9.3";
			developmentRegion = en;
			hasScannedForEncodings = 0;
			knownRegions = (
				en,
				Base,
			);
			mainGroup = AE3A54DC251BC0DA0054796D;
			productRefGroup = AE3A54E6251BC0DB0054796D /* Products */;
			projectDirPath = "";
			projectRoot = "";
			targets = (
				AE3A54E4251BC0DB0054796D /* Flix */,
				AE3A54FA251BC0E20054796D /* FlixTests */,
				AE3A5505251BC0E20054796D /* FlixUITests */,
			);
		};
/* End PBXProject section */

/* Begin PBXResourcesBuildPhase section */
		AE3A54E3251BC0DB0054796D /* Resources */ = {
			isa = PBXResourcesBuildPhase;
			buildActionMask = 2147483647;
			files = (
				AE3A54F5251BC0E10054796D /* LaunchScreen.storyboard in Resources */,
				AE3A54F2251BC0E10054796D /* Assets.xcassets in Resources */,
				AE3A54F0251BC0DB0054796D /* Main.storyboard in Resources */,
			);
			runOnlyForDeploymentPostprocessing = 0;
		};
		AE3A54F9251BC0E20054796D /* Resources */ = {
			isa = PBXResourcesBuildPhase;
			buildActionMask = 2147483647;
			files = (
			);
			runOnlyForDeploymentPostprocessing = 0;
		};
		AE3A5504251BC0E20054796D /* Resources */ = {
			isa = PBXResourcesBuildPhase;
			buildActionMask = 2147483647;
			files = (
			);
			runOnlyForDeploymentPostprocessing = 0;
		};
/* End PBXResourcesBuildPhase section */

/* Begin PBXSourcesBuildPhase section */
		AE3A54E1251BC0DB0054796D /* Sources */ = {
			isa = PBXSourcesBuildPhase;
			buildActionMask = 2147483647;
			files = (
				AE3A54E9251BC0DB0054796D /* AppDelegate.swift in Sources */,
				AE3A54EB251BC0DB0054796D /* SceneDelegate.swift in Sources */,
				AE3A551F251BDBD40054796D /* MoviesViewController.swift in Sources */,
			);
			runOnlyForDeploymentPostprocessing = 0;
		};
		AE3A54F7251BC0E20054796D /* Sources */ = {
			isa = PBXSourcesBuildPhase;
			buildActionMask = 2147483647;
			files = (
				AE3A5500251BC0E20054796D /* FlixTests.swift in Sources */,
			);
			runOnlyForDeploymentPostprocessing = 0;
		};
		AE3A5502251BC0E20054796D /* Sources */ = {
			isa = PBXSourcesBuildPhase;
			buildActionMask = 2147483647;
			files = (
				AE3A550B251BC0E20054796D /* FlixUITests.swift in Sources */,
			);
			runOnlyForDeploymentPostprocessing = 0;
		};
/* End PBXSourcesBuildPhase section */

/* Begin PBXTargetDependency section */
		AE3A54FD251BC0E20054796D /* PBXTargetDependency */ = {
			isa = PBXTargetDependency;
			target = AE3A54E4251BC0DB0054796D /* Flix */;
			targetProxy = AE3A54FC251BC0E20054796D /* PBXContainerItemProxy */;
		};
		AE3A5508251BC0E20054796D /* PBXTargetDependency */ = {
			isa = PBXTargetDependency;
			target = AE3A54E4251BC0DB0054796D /* Flix */;
			targetProxy = AE3A5507251BC0E20054796D /* PBXContainerItemProxy */;
		};
/* End PBXTargetDependency section */

/* Begin PBXVariantGroup section */
		AE3A54EE251BC0DB0054796D /* Main.storyboard */ = {
			isa = PBXVariantGroup;
			children = (
				AE3A54EF251BC0DB0054796D /* Base */,
			);
			name = Main.storyboard;
			sourceTree = "<group>";
		};
		AE3A54F3251BC0E10054796D /* LaunchScreen.storyboard */ = {
			isa = PBXVariantGroup;
			children = (
				AE3A54F4251BC0E10054796D /* Base */,
			);
			name = LaunchScreen.storyboard;
			sourceTree = "<group>";
		};
/* End PBXVariantGroup section */

/* Begin XCBuildConfiguration section */
		AE3A550D251BC0E20054796D /* Debug */ = {
			isa = XCBuildConfiguration;
			buildSettings = {
				ALWAYS_SEARCH_USER_PATHS = NO;
				CLANG_ANALYZER_NONNULL = YES;
				CLANG_ANALYZER_NUMBER_OBJECT_CONVERSION = YES_AGGRESSIVE;
				CLANG_CXX_LANGUAGE_STANDARD = "gnu++14";
				CLANG_CXX_LIBRARY = "libc++";
				CLANG_ENABLE_MODULES = YES;
				CLANG_ENABLE_OBJC_ARC = YES;
				CLANG_ENABLE_OBJC_WEAK = YES;
				CLANG_WARN_BLOCK_CAPTURE_AUTORELEASING = YES;
				CLANG_WARN_BOOL_CONVERSION = YES;
				CLANG_WARN_COMMA = YES;
				CLANG_WARN_CONSTANT_CONVERSION = YES;
				CLANG_WARN_DEPRECATED_OBJC_IMPLEMENTATIONS = YES;
				CLANG_WARN_DIRECT_OBJC_ISA_USAGE = YES_ERROR;
				CLANG_WARN_DOCUMENTATION_COMMENTS = YES;
				CLANG_WARN_EMPTY_BODY = YES;
				CLANG_WARN_ENUM_CONVERSION = YES;
				CLANG_WARN_INFINITE_RECURSION = YES;
				CLANG_WARN_INT_CONVERSION = YES;
				CLANG_WARN_NON_LITERAL_NULL_CONVERSION = YES;
				CLANG_WARN_OBJC_IMPLICIT_RETAIN_SELF = YES;
				CLANG_WARN_OBJC_LITERAL_CONVERSION = YES;
				CLANG_WARN_OBJC_ROOT_CLASS = YES_ERROR;
				CLANG_WARN_QUOTED_INCLUDE_IN_FRAMEWORK_HEADER = YES;
				CLANG_WARN_RANGE_LOOP_ANALYSIS = YES;
				CLANG_WARN_STRICT_PROTOTYPES = YES;
				CLANG_WARN_SUSPICIOUS_MOVE = YES;
				CLANG_WARN_UNGUARDED_AVAILABILITY = YES_AGGRESSIVE;
				CLANG_WARN_UNREACHABLE_CODE = YES;
				CLANG_WARN__DUPLICATE_METHOD_MATCH = YES;
				COPY_PHASE_STRIP = NO;
				DEBUG_INFORMATION_FORMAT = dwarf;
				ENABLE_STRICT_OBJC_MSGSEND = YES;
				ENABLE_TESTABILITY = YES;
				GCC_C_LANGUAGE_STANDARD = gnu11;
				GCC_DYNAMIC_NO_PIC = NO;
				GCC_NO_COMMON_BLOCKS = YES;
				GCC_OPTIMIZATION_LEVEL = 0;
				GCC_PREPROCESSOR_DEFINITIONS = (
					"DEBUG=1",
					"$(inherited)",
				);
				GCC_WARN_64_TO_32_BIT_CONVERSION = YES;
				GCC_WARN_ABOUT_RETURN_TYPE = YES_ERROR;
				GCC_WARN_UNDECLARED_SELECTOR = YES;
				GCC_WARN_UNINITIALIZED_AUTOS = YES_AGGRESSIVE;
				GCC_WARN_UNUSED_FUNCTION = YES;
				GCC_WARN_UNUSED_VARIABLE = YES;
				IPHONEOS_DEPLOYMENT_TARGET = 14.0;
				MTL_ENABLE_DEBUG_INFO = INCLUDE_SOURCE;
				MTL_FAST_MATH = YES;
				ONLY_ACTIVE_ARCH = YES;
				SDKROOT = iphoneos;
				SWIFT_ACTIVE_COMPILATION_CONDITIONS = DEBUG;
				SWIFT_OPTIMIZATION_LEVEL = "-Onone";
			};
			name = Debug;
		};
		AE3A550E251BC0E20054796D /* Release */ = {
			isa = XCBuildConfiguration;
			buildSettings = {
				ALWAYS_SEARCH_USER_PATHS = NO;
				CLANG_ANALYZER_NONNULL = YES;
				CLANG_ANALYZER_NUMBER_OBJECT_CONVERSION = YES_AGGRESSIVE;
				CLANG_CXX_LANGUAGE_STANDARD = "gnu++14";
				CLANG_CXX_LIBRARY = "libc++";
				CLANG_ENABLE_MODULES = YES;
				CLANG_ENABLE_OBJC_ARC = YES;
				CLANG_ENABLE_OBJC_WEAK = YES;
				CLANG_WARN_BLOCK_CAPTURE_AUTORELEASING = YES;
				CLANG_WARN_BOOL_CONVERSION = YES;
				CLANG_WARN_COMMA = YES;
				CLANG_WARN_CONSTANT_CONVERSION = YES;
				CLANG_WARN_DEPRECATED_OBJC_IMPLEMENTATIONS = YES;
				CLANG_WARN_DIRECT_OBJC_ISA_USAGE = YES_ERROR;
				CLANG_WARN_DOCUMENTATION_COMMENTS = YES;
				CLANG_WARN_EMPTY_BODY = YES;
				CLANG_WARN_ENUM_CONVERSION = YES;
				CLANG_WARN_INFINITE_RECURSION = YES;
				CLANG_WARN_INT_CONVERSION = YES;
				CLANG_WARN_NON_LITERAL_NULL_CONVERSION = YES;
				CLANG_WARN_OBJC_IMPLICIT_RETAIN_SELF = YES;
				CLANG_WARN_OBJC_LITERAL_CONVERSION = YES;
				CLANG_WARN_OBJC_ROOT_CLASS = YES_ERROR;
				CLANG_WARN_QUOTED_INCLUDE_IN_FRAMEWORK_HEADER = YES;
				CLANG_WARN_RANGE_LOOP_ANALYSIS = YES;
				CLANG_WARN_STRICT_PROTOTYPES = YES;
				CLANG_WARN_SUSPICIOUS_MOVE = YES;
				CLANG_WARN_UNGUARDED_AVAILABILITY = YES_AGGRESSIVE;
				CLANG_WARN_UNREACHABLE_CODE = YES;
				CLANG_WARN__DUPLICATE_METHOD_MATCH = YES;
				COPY_PHASE_STRIP = NO;
				DEBUG_INFORMATION_FORMAT = "dwarf-with-dsym";
				ENABLE_NS_ASSERTIONS = NO;
				ENABLE_STRICT_OBJC_MSGSEND = YES;
				GCC_C_LANGUAGE_STANDARD = gnu11;
				GCC_NO_COMMON_BLOCKS = YES;
				GCC_WARN_64_TO_32_BIT_CONVERSION = YES;
				GCC_WARN_ABOUT_RETURN_TYPE = YES_ERROR;
				GCC_WARN_UNDECLARED_SELECTOR = YES;
				GCC_WARN_UNINITIALIZED_AUTOS = YES_AGGRESSIVE;
				GCC_WARN_UNUSED_FUNCTION = YES;
				GCC_WARN_UNUSED_VARIABLE = YES;
				IPHONEOS_DEPLOYMENT_TARGET = 14.0;
				MTL_ENABLE_DEBUG_INFO = NO;
				MTL_FAST_MATH = YES;
				SDKROOT = iphoneos;
				SWIFT_COMPILATION_MODE = wholemodule;
				SWIFT_OPTIMIZATION_LEVEL = "-O";
				VALIDATE_PRODUCT = YES;
			};
			name = Release;
		};
		AE3A5510251BC0E20054796D /* Debug */ = {
			isa = XCBuildConfiguration;
			buildSettings = {
				ASSETCATALOG_COMPILER_APPICON_NAME = AppIcon;
				ASSETCATALOG_COMPILER_GLOBAL_ACCENT_COLOR_NAME = AccentColor;
				CODE_SIGN_STYLE = Automatic;
				DEVELOPMENT_TEAM = 5LHDDJ5HP7;
				INFOPLIST_FILE = Flix/Info.plist;
				LD_RUNPATH_SEARCH_PATHS = (
					"$(inherited)",
					"@executable_path/Frameworks",
				);
				PRODUCT_BUNDLE_IDENTIFIER = kwesi.Flix;
				PRODUCT_NAME = "$(TARGET_NAME)";
				SWIFT_VERSION = 5.0;
				TARGETED_DEVICE_FAMILY = "1,2";
			};
			name = Debug;
		};
		AE3A5511251BC0E20054796D /* Release */ = {
			isa = XCBuildConfiguration;
			buildSettings = {
				ASSETCATALOG_COMPILER_APPICON_NAME = AppIcon;
				ASSETCATALOG_COMPILER_GLOBAL_ACCENT_COLOR_NAME = AccentColor;
				CODE_SIGN_STYLE = Automatic;
				DEVELOPMENT_TEAM = 5LHDDJ5HP7;
				INFOPLIST_FILE = Flix/Info.plist;
				LD_RUNPATH_SEARCH_PATHS = (
					"$(inherited)",
					"@executable_path/Frameworks",
				);
				PRODUCT_BUNDLE_IDENTIFIER = kwesi.Flix;
				PRODUCT_NAME = "$(TARGET_NAME)";
				SWIFT_VERSION = 5.0;
				TARGETED_DEVICE_FAMILY = "1,2";
			};
			name = Release;
		};
		AE3A5513251BC0E20054796D /* Debug */ = {
			isa = XCBuildConfiguration;
			buildSettings = {
				ALWAYS_EMBED_SWIFT_STANDARD_LIBRARIES = YES;
				BUNDLE_LOADER = "$(TEST_HOST)";
				CODE_SIGN_STYLE = Automatic;
				DEVELOPMENT_TEAM = 5LHDDJ5HP7;
				INFOPLIST_FILE = FlixTests/Info.plist;
				IPHONEOS_DEPLOYMENT_TARGET = 14.0;
				LD_RUNPATH_SEARCH_PATHS = (
					"$(inherited)",
					"@executable_path/Frameworks",
					"@loader_path/Frameworks",
				);
				PRODUCT_BUNDLE_IDENTIFIER = kwesi.FlixTests;
				PRODUCT_NAME = "$(TARGET_NAME)";
				SWIFT_VERSION = 5.0;
				TARGETED_DEVICE_FAMILY = "1,2";
				TEST_HOST = "$(BUILT_PRODUCTS_DIR)/Flix.app/Flix";
			};
			name = Debug;
		};
		AE3A5514251BC0E20054796D /* Release */ = {
			isa = XCBuildConfiguration;
			buildSettings = {
				ALWAYS_EMBED_SWIFT_STANDARD_LIBRARIES = YES;
				BUNDLE_LOADER = "$(TEST_HOST)";
				CODE_SIGN_STYLE = Automatic;
				DEVELOPMENT_TEAM = 5LHDDJ5HP7;
				INFOPLIST_FILE = FlixTests/Info.plist;
				IPHONEOS_DEPLOYMENT_TARGET = 14.0;
				LD_RUNPATH_SEARCH_PATHS = (
					"$(inherited)",
					"@executable_path/Frameworks",
					"@loader_path/Frameworks",
				);
				PRODUCT_BUNDLE_IDENTIFIER = kwesi.FlixTests;
				PRODUCT_NAME = "$(TARGET_NAME)";
				SWIFT_VERSION = 5.0;
				TARGETED_DEVICE_FAMILY = "1,2";
				TEST_HOST = "$(BUILT_PRODUCTS_DIR)/Flix.app/Flix";
			};
			name = Release;
		};
		AE3A5516251BC0E20054796D /* Debug */ = {
			isa = XCBuildConfiguration;
			buildSettings = {
				ALWAYS_EMBED_SWIFT_STANDARD_LIBRARIES = YES;
				CODE_SIGN_STYLE = Automatic;
				DEVELOPMENT_TEAM = 5LHDDJ5HP7;
				INFOPLIST_FILE = FlixUITests/Info.plist;
				LD_RUNPATH_SEARCH_PATHS = (
					"$(inherited)",
					"@executable_path/Frameworks",
					"@loader_path/Frameworks",
				);
				PRODUCT_BUNDLE_IDENTIFIER = kwesi.FlixUITests;
				PRODUCT_NAME = "$(TARGET_NAME)";
				SWIFT_VERSION = 5.0;
				TARGETED_DEVICE_FAMILY = "1,2";
				TEST_TARGET_NAME = Flix;
			};
			name = Debug;
		};
		AE3A5517251BC0E20054796D /* Release */ = {
			isa = XCBuildConfiguration;
			buildSettings = {
				ALWAYS_EMBED_SWIFT_STANDARD_LIBRARIES = YES;
				CODE_SIGN_STYLE = Automatic;
				DEVELOPMENT_TEAM = 5LHDDJ5HP7;
				INFOPLIST_FILE = FlixUITests/Info.plist;
				LD_RUNPATH_SEARCH_PATHS = (
					"$(inherited)",
					"@executable_path/Frameworks",
					"@loader_path/Frameworks",
				);
				PRODUCT_BUNDLE_IDENTIFIER = kwesi.FlixUITests;
				PRODUCT_NAME = "$(TARGET_NAME)";
				SWIFT_VERSION = 5.0;
				TARGETED_DEVICE_FAMILY = "1,2";
				TEST_TARGET_NAME = Flix;
			};
			name = Release;
		};
/* End XCBuildConfiguration section */

/* Begin XCConfigurationList section */
		AE3A54E0251BC0DA0054796D /* Build configuration list for PBXProject "Flix" */ = {
			isa = XCConfigurationList;
			buildConfigurations = (
				AE3A550D251BC0E20054796D /* Debug */,
				AE3A550E251BC0E20054796D /* Release */,
			);
			defaultConfigurationIsVisible = 0;
			defaultConfigurationName = Release;
		};
		AE3A550F251BC0E20054796D /* Build configuration list for PBXNativeTarget "Flix" */ = {
			isa = XCConfigurationList;
			buildConfigurations = (
				AE3A5510251BC0E20054796D /* Debug */,
				AE3A5511251BC0E20054796D /* Release */,
			);
			defaultConfigurationIsVisible = 0;
			defaultConfigurationName = Release;
		};
		AE3A5512251BC0E20054796D /* Build configuration list for PBXNativeTarget "FlixTests" */ = {
			isa = XCConfigurationList;
			buildConfigurations = (
				AE3A5513251BC0E20054796D /* Debug */,
				AE3A5514251BC0E20054796D /* Release */,
			);
			defaultConfigurationIsVisible = 0;
			defaultConfigurationName = Release;
		};
		AE3A5515251BC0E20054796D /* Build configuration list for PBXNativeTarget "FlixUITests" */ = {
			isa = XCConfigurationList;
			buildConfigurations = (
				AE3A5516251BC0E20054796D /* Debug */,
				AE3A5517251BC0E20054796D /* Release */,
			);
			defaultConfigurationIsVisible = 0;
			defaultConfigurationName = Release;
		};
/* End XCConfigurationList section */
	};
	rootObject = AE3A54DD251BC0DA0054796D /* Project object */;
}
